{
  "object": {
    "pins": [
      {
        "package": "FoundationToolz",
        "repositoryURL": "https://github.com/flowtoolz/FoundationToolz.git",
        "state": {
          "branch": "master",
          "revision": "43becb5d914a0d30db88277b51d5f8109fd43eb6",
          "version": null
        }
      },
      {
        "package": "Reachability",
        "repositoryURL": "https://github.com/ashleymills/Reachability.swift.git",
        "state": {
          "branch": null,
          "revision": "6c8652a8ea35a64cf36367d07b3d6e5e6a24b272",
          "version": "4.3.1"
        }
      },
      {
        "package": "SwiftyToolz",
        "repositoryURL": "https://github.com/flowtoolz/SwiftyToolz.git",
        "state": {
          "branch": "master",
          "revision": "f435352a6f15b776bef0def970b0d3776c104779",
          "version": null
        }
      }
    ]
  },
  "version": 1
}
